
Microsoft Visual Studio Solution File, Format Version 12.00
# Visual Studio Version 16
VisualStudioVersion = 16.0.30717.126
MinimumVisualStudioVersion = 10.0.40219.1
Project("{9A19103F-16F7-4668-BE54-9A1E7A4F7556}") = "AuthenticatorServices.Test", "AuthenticatorServices.Test\AuthenticatorServices.Test.csproj", "{27E819D6-C0CB-462C-A0E8-404E92BD3548}"
EndProject
Project("{9A19103F-16F7-4668-BE54-9A1E7A4F7556}") = "AuthenticatorServices", "AuthenticatorServices\AuthenticatorServices.csproj", "{B5E5C358-3131-43D9-8CF8-FA3F4C87BED8}"
EndProject
Project("{FAE04EC0-301F-11D3-BF4B-00C04F79EFBC}") = "AuthenticatorServices.ExampleUsage", "AuthenticatorServices.ExampleUsage\AuthenticatorServices.ExampleUsage.csproj", "{19E70DC1-B86E-4F42-927B-EAA80A06CF73}"
EndProject
Global
	GlobalSection(SolutionConfigurationPlatforms) = preSolution
		Debug|Any CPU = Debug|Any CPU
		Release|Any CPU = Release|Any CPU
	EndGlobalSection
	GlobalSection(ProjectConfigurationPlatforms) = postSolution
		{27E819D6-C0CB-462C-A0E8-404E92BD3548}.Debug|Any CPU.ActiveCfg = Debug|Any CPU
		{27E819D6-C0CB-462C-A0E8-404E92BD3548}.Debug|Any CPU.Build.0 = Debug|Any CPU
		{27E819D6-C0CB-462C-A0E8-404E92BD3548}.Release|Any CPU.ActiveCfg = Release|Any CPU
		{27E819D6-C0CB-462C-A0E8-404E92BD3548}.Release|Any CPU.Build.0 = Release|Any CPU
		{B5E5C358-3131-43D9-8CF8-FA3F4C87BED8}.Debug|Any CPU.ActiveCfg = Debug|Any CPU
		{B5E5C358-3131-43D9-8CF8-FA3F4C87BED8}.Debug|Any CPU.Build.0 = Debug|Any CPU
		{B5E5C358-3131-43D9-8CF8-FA3F4C87BED8}.Release|Any CPU.ActiveCfg = Release|Any CPU
		{B5E5C358-3131-43D9-8CF8-FA3F4C87BED8}.Release|Any CPU.Build.0 = Release|Any CPU
		{19E70DC1-B86E-4F42-927B-EAA80A06CF73}.Debug|Any CPU.ActiveCfg = Debug|Any CPU
		{19E70DC1-B86E-4F42-927B-EAA80A06CF73}.Debug|Any CPU.Build.0 = Debug|Any CPU
		{19E70DC1-B86E-4F42-927B-EAA80A06CF73}.Release|Any CPU.ActiveCfg = Release|Any CPU
		{19E70DC1-B86E-4F42-927B-EAA80A06CF73}.Release|Any CPU.Build.0 = Release|Any CPU
	EndGlobalSection
	GlobalSection(SolutionProperties) = preSolution
		HideSolutionNode = FALSE
	EndGlobalSection
	GlobalSection(ExtensibilityGlobals) = postSolution
		SolutionGuid = {486DD915-3BB6-4ECB-A9DA-A7912A15DFB5}
	EndGlobalSection
EndGlobal
